
Microsoft Visual Studio Solution File, Format Version 12.00
# Visual Studio Version 17
VisualStudioVersion = 17.11.35327.3
MinimumVisualStudioVersion = 10.0.40219.1
Project("{FAE04EC0-301F-11D3-BF4B-00C04F79EFBC}") = "Array2D", "Array2D\Array2D.csproj", "{B8F3D930-5D34-483C-A7BF-FE3FC2A6B619}"
EndProject
Global
	GlobalSection(SolutionConfigurationPlatforms) = preSolution
		Debug|Any CPU = Debug|Any CPU
		Release|Any CPU = Release|Any CPU
	EndGlobalSection
	GlobalSection(ProjectConfigurationPlatforms) = postSolution
		{B8F3D930-5D34-483C-A7BF-FE3FC2A6B619}.Debug|Any CPU.ActiveCfg = Debug|Any CPU
		{B8F3D930-5D34-483C-A7BF-FE3FC2A6B619}.Debug|Any CPU.Build.0 = Debug|Any CPU
		{B8F3D930-5D34-483C-A7BF-FE3FC2A6B619}.Release|Any CPU.ActiveCfg = Release|Any CPU
		{B8F3D930-5D34-483C-A7BF-FE3FC2A6B619}.Release|Any CPU.Build.0 = Release|Any CPU
	EndGlobalSection
	GlobalSection(SolutionProperties) = preSolution
		HideSolutionNode = FALSE
	EndGlobalSection
	GlobalSection(ExtensibilityGlobals) = postSolution
		SolutionGuid = {8DD2CCA9-4D7E-465F-8D7C-5A1D2DB15CBA}
	EndGlobalSection
EndGlobal
