
Microsoft Visual Studio Solution File, Format Version 12.00
# Visual Studio Version 17
VisualStudioVersion = 17.11.35327.3
MinimumVisualStudioVersion = 10.0.40219.1
Project("{FAE04EC0-301F-11D3-BF4B-00C04F79EFBC}") = "Company_2", "Company_2\Company_2.csproj", "{B50E3A56-7875-48F5-BB98-426DF18162E4}"
EndProject
Global
	GlobalSection(SolutionConfigurationPlatforms) = preSolution
		Debug|Any CPU = Debug|Any CPU
		Release|Any CPU = Release|Any CPU
	EndGlobalSection
	GlobalSection(ProjectConfigurationPlatforms) = postSolution
		{B50E3A56-7875-48F5-BB98-426DF18162E4}.Debug|Any CPU.ActiveCfg = Debug|Any CPU
		{B50E3A56-7875-48F5-BB98-426DF18162E4}.Debug|Any CPU.Build.0 = Debug|Any CPU
		{B50E3A56-7875-48F5-BB98-426DF18162E4}.Release|Any CPU.ActiveCfg = Release|Any CPU
		{B50E3A56-7875-48F5-BB98-426DF18162E4}.Release|Any CPU.Build.0 = Release|Any CPU
	EndGlobalSection
	GlobalSection(SolutionProperties) = preSolution
		HideSolutionNode = FALSE
	EndGlobalSection
	GlobalSection(ExtensibilityGlobals) = postSolution
		SolutionGuid = {E2B73E8A-CD0E-47D8-8FB9-3D69043C09F8}
	EndGlobalSection
EndGlobal
